
Microsoft Visual Studio Solution File, Format Version 12.00
# Visual Studio Version 16
VisualStudioVersion = 16.0.31112.23
MinimumVisualStudioVersion = 10.0.40219.1
Project("{FAE04EC0-301F-11D3-BF4B-00C04F79EFBC}") = "CRUDBackEnd", "CRUDBackEnd\CRUDBackEnd.csproj", "{3A32A1E6-5FAC-4729-A14E-0222D2A86E9A}"
EndProject
Global
	GlobalSection(SolutionConfigurationPlatforms) = preSolution
		Debug|Any CPU = Debug|Any CPU
		Release|Any CPU = Release|Any CPU
	EndGlobalSection
	GlobalSection(ProjectConfigurationPlatforms) = postSolution
		{3A32A1E6-5FAC-4729-A14E-0222D2A86E9A}.Debug|Any CPU.ActiveCfg = Debug|Any CPU
		{3A32A1E6-5FAC-4729-A14E-0222D2A86E9A}.Debug|Any CPU.Build.0 = Debug|Any CPU
		{3A32A1E6-5FAC-4729-A14E-0222D2A86E9A}.Release|Any CPU.ActiveCfg = Release|Any CPU
		{3A32A1E6-5FAC-4729-A14E-0222D2A86E9A}.Release|Any CPU.Build.0 = Release|Any CPU
	EndGlobalSection
	GlobalSection(SolutionProperties) = preSolution
		HideSolutionNode = FALSE
	EndGlobalSection
	GlobalSection(ExtensibilityGlobals) = postSolution
		SolutionGuid = {1491F8D8-2B0D-4EBF-B2B8-9C850F785C46}
	EndGlobalSection
EndGlobal
